Microsoft Visual Studio Solution File, Format Version 12.00
# Visual Studio Version 17
VisualStudioVersion = 17.5.2.0
MinimumVisualStudioVersion = 10.0.40219.1
Project("{FAE04EC0-301F-11D3-BF4B-00C04F79EFBC}") = "c#ders7", "c#ders7.csproj", "{44A6BCDD-4324-D1BF-FB21-03B265112CD3}"
EndProject
Global
	GlobalSection(SolutionConfigurationPlatforms) = preSolution
		Debug|Any CPU = Debug|Any CPU
		Release|Any CPU = Release|Any CPU
	EndGlobalSection
	GlobalSection(ProjectConfigurationPlatforms) = postSolution
		{44A6BCDD-4324-D1BF-FB21-03B265112CD3}.Debug|Any CPU.ActiveCfg = Debug|Any CPU
		{44A6BCDD-4324-D1BF-FB21-03B265112CD3}.Debug|Any CPU.Build.0 = Debug|Any CPU
		{44A6BCDD-4324-D1BF-FB21-03B265112CD3}.Release|Any CPU.ActiveCfg = Release|Any CPU
		{44A6BCDD-4324-D1BF-FB21-03B265112CD3}.Release|Any CPU.Build.0 = Release|Any CPU
	EndGlobalSection
	GlobalSection(SolutionProperties) = preSolution
		HideSolutionNode = FALSE
	EndGlobalSection
	GlobalSection(ExtensibilityGlobals) = postSolution
		SolutionGuid = {02558B4B-8D19-429B-83BF-5E8F1B53F5B6}
	EndGlobalSection
EndGlobal
