Microsoft Visual Studio Solution File, Format Version 12.00
# Visual Studio Version 17
VisualStudioVersion = 17.5.2.0
MinimumVisualStudioVersion = 10.0.40219.1
Project("{FAE04EC0-301F-11D3-BF4B-00C04F79EFBC}") = "ders09", "ders09.csproj", "{ED6FC7C6-177D-2948-446F-39C9D0B374E5}"
EndProject
Global
	GlobalSection(SolutionConfigurationPlatforms) = preSolution
		Debug|Any CPU = Debug|Any CPU
		Release|Any CPU = Release|Any CPU
	EndGlobalSection
	GlobalSection(ProjectConfigurationPlatforms) = postSolution
		{ED6FC7C6-177D-2948-446F-39C9D0B374E5}.Debug|Any CPU.ActiveCfg = Debug|Any CPU
		{ED6FC7C6-177D-2948-446F-39C9D0B374E5}.Debug|Any CPU.Build.0 = Debug|Any CPU
		{ED6FC7C6-177D-2948-446F-39C9D0B374E5}.Release|Any CPU.ActiveCfg = Release|Any CPU
		{ED6FC7C6-177D-2948-446F-39C9D0B374E5}.Release|Any CPU.Build.0 = Release|Any CPU
	EndGlobalSection
	GlobalSection(SolutionProperties) = preSolution
		HideSolutionNode = FALSE
	EndGlobalSection
	GlobalSection(ExtensibilityGlobals) = postSolution
		SolutionGuid = {50E18A97-6C31-4174-A521-6683C50A7459}
	EndGlobalSection
EndGlobal
